{
  "version": 4,
  "terraform_version": "1.10.5",
  "serial": 459,
  "lineage": "6df19eb4-83c8-38d8-f850-2d9bc4bc5e4d",
  "outputs": {
    "rg_id": {
      "value": "/subscriptions/bbf7b9a4-208f-4b13-868e-150530fa4eae/resourceGroups/rg-infraestructura",
      "type": "string"
    }
  },
  "resources": [
    {
      "mode": "managed",
      "type": "kubernetes_persistent_volume_claim",
      "name": "pvc",
      "provider": "provider[\"registry.terraform.io/hashicorp/kubernetes\"]",
      "instances": [
        {
          "schema_version": 0,
          "attributes": {
            "id": "default/my-aks-pvc",
            "metadata": [
              {
                "annotations": {},
                "generate_name": "",
                "generation": 0,
                "labels": {},
                "name": "my-aks-pvc",
                "namespace": "default",
                "resource_version": "1746",
                "uid": "7d46e26f-db38-4a84-9107-fd41ed7aeb21"
              }
            ],
            "spec": [
              {
                "access_modes": [
                  "ReadWriteOnce"
                ],
                "resources": [
                  {
                    "limits": {},
                    "requests": {
                      "storage": "10Gi"
                    }
                  }
                ],
                "selector": [],
                "storage_class_name": "my-storage-class",
                "volume_mode": "Filesystem",
                "volume_name": "my-aks-pv"
              }
            ],
            "timeouts": null,
            "wait_until_bound": true
          },
          "sensitive_attributes": [],
          "private": "eyJlMmJmYjczMC1lY2FhLTExZTYtOGY4OC0zNDM2M2JjN2M0YzAiOnsiY3JlYXRlIjozMDAwMDAwMDAwMDB9fQ==",
          "dependencies": [
            "azurerm_container_registry.acr",
            "azurerm_kubernetes_cluster.aks",
            "azurerm_resource_group.rg"
          ]
        }
      ]
    }
  ],
  "check_results": null
}
